
Microsoft Visual Studio Solution File, Format Version 12.00
# Visual Studio Version 16
VisualStudioVersion = 16.0.31105.61
MinimumVisualStudioVersion = 10.0.40219.1
Project("{FAE04EC0-301F-11D3-BF4B-00C04F79EFBC}") = "PictureViewer", "PictureViewer\PictureViewer.csproj", "{D6EA4EFE-DB29-45DE-A4F5-0DF320E417CD}"
EndProject
Global
	GlobalSection(SolutionConfigurationPlatforms) = preSolution
		Debug|Any CPU = Debug|Any CPU
		Release|Any CPU = Release|Any CPU
	EndGlobalSection
	GlobalSection(ProjectConfigurationPlatforms) = postSolution
		{D6EA4EFE-DB29-45DE-A4F5-0DF320E417CD}.Debug|Any CPU.ActiveCfg = Debug|Any CPU
		{D6EA4EFE-DB29-45DE-A4F5-0DF320E417CD}.Debug|Any CPU.Build.0 = Debug|Any CPU
		{D6EA4EFE-DB29-45DE-A4F5-0DF320E417CD}.Release|Any CPU.ActiveCfg = Release|Any CPU
		{D6EA4EFE-DB29-45DE-A4F5-0DF320E417CD}.Release|Any CPU.Build.0 = Release|Any CPU
	EndGlobalSection
	GlobalSection(SolutionProperties) = preSolution
		HideSolutionNode = FALSE
	EndGlobalSection
	GlobalSection(ExtensibilityGlobals) = postSolution
		SolutionGuid = {D74A5CC2-7388-4962-A25A-621EFD601659}
	EndGlobalSection
EndGlobal
